
Microsoft Visual Studio Solution File, Format Version 12.00
# Visual Studio Version 17
VisualStudioVersion = 17.4.33122.133
MinimumVisualStudioVersion = 10.0.40219.1
Project("{9A19103F-16F7-4668-BE54-9A1E7A4F7556}") = "WiredBrainCoffee.ConsoleApp", "WiredBrainCoffee.ConsoleApp\WiredBrainCoffee.ConsoleApp.csproj", "{B4285AD2-58CA-4CAB-B701-DCBE5A1D34CD}"
EndProject
Project("{FAE04EC0-301F-11D3-BF4B-00C04F79EFBC}") = "WiredBrainCoffee.Generators", "WiredBrainCoffee.Generators\WiredBrainCoffee.Generators.csproj", "{3DB2BD5F-45FC-4631-A443-09F5E95AA856}"
EndProject
Global
	GlobalSection(SolutionConfigurationPlatforms) = preSolution
		Debug|Any CPU = Debug|Any CPU
		Release|Any CPU = Release|Any CPU
	EndGlobalSection
	GlobalSection(ProjectConfigurationPlatforms) = postSolution
		{B4285AD2-58CA-4CAB-B701-DCBE5A1D34CD}.Debug|Any CPU.ActiveCfg = Debug|Any CPU
		{B4285AD2-58CA-4CAB-B701-DCBE5A1D34CD}.Debug|Any CPU.Build.0 = Debug|Any CPU
		{B4285AD2-58CA-4CAB-B701-DCBE5A1D34CD}.Release|Any CPU.ActiveCfg = Release|Any CPU
		{B4285AD2-58CA-4CAB-B701-DCBE5A1D34CD}.Release|Any CPU.Build.0 = Release|Any CPU
		{3DB2BD5F-45FC-4631-A443-09F5E95AA856}.Debug|Any CPU.ActiveCfg = Debug|Any CPU
		{3DB2BD5F-45FC-4631-A443-09F5E95AA856}.Debug|Any CPU.Build.0 = Debug|Any CPU
		{3DB2BD5F-45FC-4631-A443-09F5E95AA856}.Release|Any CPU.ActiveCfg = Release|Any CPU
		{3DB2BD5F-45FC-4631-A443-09F5E95AA856}.Release|Any CPU.Build.0 = Release|Any CPU
	EndGlobalSection
	GlobalSection(SolutionProperties) = preSolution
		HideSolutionNode = FALSE
	EndGlobalSection
	GlobalSection(ExtensibilityGlobals) = postSolution
		SolutionGuid = {82B1E814-B6A6-4293-9361-42D093AB0B3D}
	EndGlobalSection
EndGlobal
